{
  "name": "sentry-expo-sdk54",
  "lockfileVersion": 3,
  "packages": {
    "": {
      "name": "sentry-expo-sdk54",
      "dependencies": {
        "expo": "54.0.33",
        "react-native": "0.81.5",
        "sentry-expo": "7.2.0"
      }
    },
    "node_modules/expo": {
      "version": "54.0.33"
    },
    "node_modules/react-native": {
      "version": "0.81.5"
    },
    "node_modules/sentry-expo": {
      "version": "7.2.0"
    }
  }
}
