# This file is generated by running "yarn install" inside your project.

__metadata:
  version: 8
  cacheKey: 10c0

"expo@npm:~53.0.0":
  version: 53.0.20
  resolution: "expo@npm:53.0.20"
  languageName: node
  linkType: hard

"react-native@npm:0.79.5":
  version: 0.79.5
  resolution: "react-native@npm:0.79.5"
  languageName: node
  linkType: hard

"react-native-pager-view@npm:^6.7.1":
  version: 6.6.0
  resolution: "react-native-pager-view@npm:6.6.0"
  languageName: node
  linkType: hard
