{
  "name": "sdk53-pager-view",
  "lockfileVersion": 3,
  "packages": {
    "": {
      "name": "sdk53-pager-view",
      "dependencies": {
        "expo": "53.0.20",
        "react-native": "0.79.5",
        "react-native-pager-view": "6.6.0"
      }
    },
    "node_modules/expo": {
      "version": "53.0.20"
    },
    "node_modules/react-native": {
      "version": "0.79.5"
    },
    "node_modules/react-native-pager-view": {
      "version": "6.6.0"
    }
  }
}
