{
  "name": "sdk53-ban-reanimated-4",
  "lockfileVersion": 3,
  "packages": {
    "": {
      "name": "sdk53-ban-reanimated-4",
      "dependencies": {
        "expo": "53.0.20",
        "react-native": "0.79.5",
        "react-native-reanimated": "4.1.0"
      }
    },
    "node_modules/expo": {
      "version": "53.0.20"
    },
    "node_modules/react-native": {
      "version": "0.79.5"
    },
    "node_modules/react-native-reanimated": {
      "version": "4.1.0"
    }
  }
}
