{
  "name": "expo-prebuild-fixture",
  "lockfileVersion": 3,
  "packages": {
    "": {
      "dependencies": {
        "@legendapp/list": "2.0.0",
        "@sentry/react-native": "7.2.0",
        "expo": "54.0.33",
        "react-native": "0.81.5",
        "react-native-pager-view": "6.9.1",
        "react-native-screens": "4.20.0",
        "react-native-svg": "15.10.0"
      }
    },
    "node_modules/@legendapp/list": {
      "version": "2.0.0"
    },
    "node_modules/@sentry/react-native": {
      "version": "7.2.0"
    },
    "node_modules/expo": {
      "version": "54.0.33"
    },
    "node_modules/react-native": {
      "version": "0.81.5"
    },
    "node_modules/react-native-pager-view": {
      "version": "6.9.1"
    },
    "node_modules/react-native-screens": {
      "version": "4.20.0"
    },
    "node_modules/react-native-svg": {
      "version": "15.10.0"
    }
  }
}
