{
  "name": "e9-recommendation-conflict-bump",
  "lockfileVersion": 3,
  "requires": true,
  "packages": {
    "": {
      "dependencies": {
        "expo": "54.0.33",
        "react-native": "0.81.5",
        "react-native-gesture-handler": "2.14.0"
      }
    },
    "node_modules/expo": {
      "version": "54.0.33"
    },
    "node_modules/react-native": {
      "version": "0.81.5"
    },
    "node_modules/react-native-gesture-handler": {
      "version": "2.14.0"
    }
  }
}
