{
  "name": "flash-list-v2-legacy-arch",
  "lockfileVersion": 3,
  "packages": {
    "": {
      "name": "flash-list-v2-legacy-arch",
      "dependencies": {
        "expo": "54.0.33",
        "react-native": "0.81.5",
        "@shopify/flash-list": "2.0.0"
      }
    },
    "node_modules/expo": {
      "version": "54.0.33"
    },
    "node_modules/react-native": {
      "version": "0.81.5"
    },
    "node_modules/@shopify/flash-list": {
      "version": "2.0.0"
    }
  }
}
