{
  "name": "sdk55-screens-decorview",
  "lockfileVersion": 3,
  "packages": {
    "": {
      "name": "sdk55-screens-decorview",
      "dependencies": {
        "expo": "55.0.0",
        "react-native": "0.81.5",
        "react-native-screens": "4.23.0"
      }
    },
    "node_modules/expo": {
      "version": "55.0.0"
    },
    "node_modules/react-native": {
      "version": "0.81.5"
    },
    "node_modules/react-native-screens": {
      "version": "4.23.0"
    }
  }
}
