{
  "name": "e5-sdk-mismatch",
  "lockfileVersion": 3,
  "packages": {
    "": {
      "name": "e5-sdk-mismatch",
      "dependencies": {
        "expo": "54.0.33",
        "react-native": "0.79.5",
        "react-native-pager-view": "6.6.0"
      }
    },
    "node_modules/expo": {
      "version": "54.0.33"
    },
    "node_modules/react-native": {
      "version": "0.79.5"
    },
    "node_modules/react-native-pager-view": {
      "version": "6.6.0"
    }
  }
}
