{
  "name": "sdk54-screens-expo-go",
  "lockfileVersion": 3,
  "packages": {
    "": {
      "name": "sdk54-screens-expo-go",
      "dependencies": {
        "expo": "54.0.33",
        "react-native": "0.81.5",
        "react-native-screens": "4.20.0"
      }
    },
    "node_modules/expo": {
      "version": "54.0.33"
    },
    "node_modules/react-native": {
      "version": "0.81.5"
    },
    "node_modules/react-native-screens": {
      "version": "4.20.0"
    }
  }
}
