{
  "name": "sdk54-nativewind-rngh",
  "lockfileVersion": 3,
  "packages": {
    "": {
      "name": "sdk54-nativewind-rngh",
      "dependencies": {
        "expo": "54.0.33",
        "react-native": "0.81.5",
        "nativewind": "4.1.23",
        "react-native-gesture-handler": "2.28.0"
      }
    },
    "node_modules/expo": {
      "version": "54.0.33"
    },
    "node_modules/react-native": {
      "version": "0.81.5"
    },
    "node_modules/nativewind": {
      "version": "4.1.23"
    },
    "node_modules/react-native-gesture-handler": {
      "version": "2.28.0"
    }
  }
}
