{
  "name": "e3-git-url",
  "lockfileVersion": 3,
  "packages": {
    "": {
      "name": "e3-git-url",
      "dependencies": {
        "expo": "54.0.33",
        "react-native": "0.81.5",
        "expo-haptics": "github:expo/expo#sdk-54"
      }
    },
    "node_modules/expo": {
      "version": "54.0.33"
    },
    "node_modules/react-native": {
      "version": "0.81.5"
    },
    "node_modules/expo-haptics": {
      "version": "14.0.1"
    }
  }
}
