{
  "name": "sdk54-reanimated-worklets",
  "lockfileVersion": 3,
  "packages": {
    "": {
      "name": "sdk54-reanimated-worklets",
      "dependencies": {
        "expo": "54.0.33",
        "react-native": "0.81.5",
        "react-native-reanimated": "4.1.0"
      }
    },
    "node_modules/expo": {
      "version": "54.0.33"
    },
    "node_modules/react-native": {
      "version": "0.81.5"
    },
    "node_modules/react-native-reanimated": {
      "version": "4.1.0"
    }
  }
}
